
Microsoft Visual Studio Solution File, Format Version 10.00
# Visual Studio 2008
Project("{8BC9CEB8-8B4A-11D0-8D11-00A0C91BC942}") = "CAN", "CAN\CAN.vcproj", "{96FB7EA8-1CD0-48C0-B2F4-4FA7C10F0C8A}"
EndProject
Global
	GlobalSection(SolutionConfigurationPlatforms) = preSolution
		Debug|Win32 = Debug|Win32
		Release|Win32 = Release|Win32
	EndGlobalSection
	GlobalSection(ProjectConfigurationPlatforms) = postSolution
		{96FB7EA8-1CD0-48C0-B2F4-4FA7C10F0C8A}.Debug|Win32.ActiveCfg = Debug|Win32
		{96FB7EA8-1CD0-48C0-B2F4-4FA7C10F0C8A}.Debug|Win32.Build.0 = Debug|Win32
		{96FB7EA8-1CD0-48C0-B2F4-4FA7C10F0C8A}.Release|Win32.ActiveCfg = Release|Win32
		{96FB7EA8-1CD0-48C0-B2F4-4FA7C10F0C8A}.Release|Win32.Build.0 = Release|Win32
	EndGlobalSection
	GlobalSection(SolutionProperties) = preSolution
		HideSolutionNode = FALSE
	EndGlobalSection
EndGlobal
